
Microsoft Visual Studio Solution File, Format Version 12.00
# Visual Studio Version 17
VisualStudioVersion = 17.7.34031.279
MinimumVisualStudioVersion = 10.0.40219.1
Project("{8BC9CEB8-8B4A-11D0-8D11-00A0C91BC942}") = "Project23", "Project23\Project23.vcxproj", "{EC438410-FF66-42EA-96BE-0E2C6C062E11}"
EndProject
Global
	GlobalSection(SolutionConfigurationPlatforms) = preSolution
		Debug|x64 = Debug|x64
		Debug|x86 = Debug|x86
		Release|x64 = Release|x64
		Release|x86 = Release|x86
	EndGlobalSection
	GlobalSection(ProjectConfigurationPlatforms) = postSolution
		{EC438410-FF66-42EA-96BE-0E2C6C062E11}.Debug|x64.ActiveCfg = Debug|x64
		{EC438410-FF66-42EA-96BE-0E2C6C062E11}.Debug|x64.Build.0 = Debug|x64
		{EC438410-FF66-42EA-96BE-0E2C6C062E11}.Debug|x86.ActiveCfg = Debug|Win32
		{EC438410-FF66-42EA-96BE-0E2C6C062E11}.Debug|x86.Build.0 = Debug|Win32
		{EC438410-FF66-42EA-96BE-0E2C6C062E11}.Release|x64.ActiveCfg = Release|x64
		{EC438410-FF66-42EA-96BE-0E2C6C062E11}.Release|x64.Build.0 = Release|x64
		{EC438410-FF66-42EA-96BE-0E2C6C062E11}.Release|x86.ActiveCfg = Release|Win32
		{EC438410-FF66-42EA-96BE-0E2C6C062E11}.Release|x86.Build.0 = Release|Win32
	EndGlobalSection
	GlobalSection(SolutionProperties) = preSolution
		HideSolutionNode = FALSE
	EndGlobalSection
	GlobalSection(ExtensibilityGlobals) = postSolution
		SolutionGuid = {6B92BFE7-1C1A-4C09-9654-E25D8AFCB2E5}
	EndGlobalSection
EndGlobal
