
Microsoft Visual Studio Solution File, Format Version 12.00
# Visual Studio Version 17
VisualStudioVersion = 17.7.34031.279
MinimumVisualStudioVersion = 10.0.40219.1
Project("{8BC9CEB8-8B4A-11D0-8D11-00A0C91BC942}") = "Project46", "Project46\Project46.vcxproj", "{A8954588-17CB-471F-B2B6-557B54801007}"
EndProject
Global
	GlobalSection(SolutionConfigurationPlatforms) = preSolution
		Debug|x64 = Debug|x64
		Debug|x86 = Debug|x86
		Release|x64 = Release|x64
		Release|x86 = Release|x86
	EndGlobalSection
	GlobalSection(ProjectConfigurationPlatforms) = postSolution
		{A8954588-17CB-471F-B2B6-557B54801007}.Debug|x64.ActiveCfg = Debug|x64
		{A8954588-17CB-471F-B2B6-557B54801007}.Debug|x64.Build.0 = Debug|x64
		{A8954588-17CB-471F-B2B6-557B54801007}.Debug|x86.ActiveCfg = Debug|Win32
		{A8954588-17CB-471F-B2B6-557B54801007}.Debug|x86.Build.0 = Debug|Win32
		{A8954588-17CB-471F-B2B6-557B54801007}.Release|x64.ActiveCfg = Release|x64
		{A8954588-17CB-471F-B2B6-557B54801007}.Release|x64.Build.0 = Release|x64
		{A8954588-17CB-471F-B2B6-557B54801007}.Release|x86.ActiveCfg = Release|Win32
		{A8954588-17CB-471F-B2B6-557B54801007}.Release|x86.Build.0 = Release|Win32
	EndGlobalSection
	GlobalSection(SolutionProperties) = preSolution
		HideSolutionNode = FALSE
	EndGlobalSection
	GlobalSection(ExtensibilityGlobals) = postSolution
		SolutionGuid = {E4C65B1B-DA5D-4EDF-9CA3-AF477BBB9407}
	EndGlobalSection
EndGlobal
